
Microsoft Visual Studio Solution File, Format Version 12.00
# Visual Studio Version 16
VisualStudioVersion = 16.0.31321.278
MinimumVisualStudioVersion = 10.0.40219.1
Project("{8BC9CEB8-8B4A-11D0-8D11-00A0C91BC942}") = "ejercicio004", "ejercicio004\ejercicio004.vcxproj", "{BC45650F-6EC8-47B6-9B4E-B097BB757BDF}"
EndProject
Global
	GlobalSection(SolutionConfigurationPlatforms) = preSolution
		Debug|x64 = Debug|x64
		Debug|x86 = Debug|x86
		Release|x64 = Release|x64
		Release|x86 = Release|x86
	EndGlobalSection
	GlobalSection(ProjectConfigurationPlatforms) = postSolution
		{BC45650F-6EC8-47B6-9B4E-B097BB757BDF}.Debug|x64.ActiveCfg = Debug|x64
		{BC45650F-6EC8-47B6-9B4E-B097BB757BDF}.Debug|x64.Build.0 = Debug|x64
		{BC45650F-6EC8-47B6-9B4E-B097BB757BDF}.Debug|x86.ActiveCfg = Debug|Win32
		{BC45650F-6EC8-47B6-9B4E-B097BB757BDF}.Debug|x86.Build.0 = Debug|Win32
		{BC45650F-6EC8-47B6-9B4E-B097BB757BDF}.Release|x64.ActiveCfg = Release|x64
		{BC45650F-6EC8-47B6-9B4E-B097BB757BDF}.Release|x64.Build.0 = Release|x64
		{BC45650F-6EC8-47B6-9B4E-B097BB757BDF}.Release|x86.ActiveCfg = Release|Win32
		{BC45650F-6EC8-47B6-9B4E-B097BB757BDF}.Release|x86.Build.0 = Release|Win32
	EndGlobalSection
	GlobalSection(SolutionProperties) = preSolution
		HideSolutionNode = FALSE
	EndGlobalSection
	GlobalSection(ExtensibilityGlobals) = postSolution
		SolutionGuid = {226A2E83-66F9-461A-AEDA-3DA9EE88EC3B}
	EndGlobalSection
EndGlobal
